
Microsoft Visual Studio Solution File, Format Version 12.00
# Visual Studio Version 16
VisualStudioVersion = 16.0.30907.101
MinimumVisualStudioVersion = 10.0.40219.1
Project("{FAE04EC0-301F-11D3-BF4B-00C04F79EFBC}") = "WindowsFormsApp1", "WindowsFormsApp1\WindowsFormsApp1.csproj", "{779877F5-7A94-4FEE-A9CE-8FBAE98B90D9}"
EndProject
Project("{54435603-DBB4-11D2-8724-00A0C9A8B90C}") = "Letters", "Letters\Letters.vdproj", "{6E30F205-3FAE-4AE3-A2AF-B5B12CC45B76}"
EndProject
Global
	GlobalSection(SolutionConfigurationPlatforms) = preSolution
		Debug|Any CPU = Debug|Any CPU
		Release|Any CPU = Release|Any CPU
	EndGlobalSection
	GlobalSection(ProjectConfigurationPlatforms) = postSolution
		{779877F5-7A94-4FEE-A9CE-8FBAE98B90D9}.Debug|Any CPU.ActiveCfg = Debug|Any CPU
		{779877F5-7A94-4FEE-A9CE-8FBAE98B90D9}.Debug|Any CPU.Build.0 = Debug|Any CPU
		{779877F5-7A94-4FEE-A9CE-8FBAE98B90D9}.Release|Any CPU.ActiveCfg = Release|Any CPU
		{779877F5-7A94-4FEE-A9CE-8FBAE98B90D9}.Release|Any CPU.Build.0 = Release|Any CPU
		{6E30F205-3FAE-4AE3-A2AF-B5B12CC45B76}.Debug|Any CPU.ActiveCfg = Debug
		{6E30F205-3FAE-4AE3-A2AF-B5B12CC45B76}.Release|Any CPU.ActiveCfg = Release
	EndGlobalSection
	GlobalSection(SolutionProperties) = preSolution
		HideSolutionNode = FALSE
	EndGlobalSection
	GlobalSection(ExtensibilityGlobals) = postSolution
		SolutionGuid = {96812285-9FBF-466C-B586-488AC2D8AE20}
	EndGlobalSection
EndGlobal
